{
  "name": "map",
  "version": "1.0.0",
  "lockfileVersion": 1,
  "requires": true,
  "dependencies": {
    "dbf": {
      "version": "0.1.4",
      "resolved": "https://registry.npmjs.org/dbf/-/dbf-0.1.4.tgz",
      "integrity": "sha1-Fi8Nj9HbN8l2RYrG/m9VtIxy9GY=",
      "requires": {
        "jdataview": "~2.5.0"
      }
    },
    "jdataview": {
      "version": "2.5.0",
      "resolved": "https://registry.npmjs.org/jdataview/-/jdataview-2.5.0.tgz",
      "integrity": "sha1-MIGz/qZR+TF+xr1P6y3cmKpB1ZU="
    },
    "jszip": {
      "version": "2.5.0",
      "resolved": "https://registry.npmjs.org/jszip/-/jszip-2.5.0.tgz",
      "integrity": "sha1-dET9hVHd8+XacZj+oMkbyDCMwnQ=",
      "requires": {
        "pako": "~0.2.5"
      }
    },
    "pako": {
      "version": "0.2.9",
      "resolved": "https://registry.npmjs.org/pako/-/pako-0.2.9.tgz",
      "integrity": "sha1-8/dSL073gjSNqBYbrZ7P1Rv4OnU="
    },
    "shp-write": {
      "version": "0.3.2",
      "resolved": "https://registry.npmjs.org/shp-write/-/shp-write-0.3.2.tgz",
      "integrity": "sha1-ysPoS8/clTxPwnOhsvKEPW249p0=",
      "requires": {
        "dbf": "0.1.4",
        "jszip": "2.5.0"
      }
    }
  }
}
